%{"benchfella": {:hex, :benchfella, "0.3.4", "41d2c017b361ece5225b5ba2e3b30ae53578c57c6ebc434417b4f1c2c94cf4f3", [:mix], []},
  "bunt": {:hex, :bunt, "0.2.0", "951c6e801e8b1d2cbe58ebbd3e616a869061ddadcc4863d0a2182541acae9a38", [:mix], []},
  "connection": {:hex, :connection, "1.0.4", "a1cae72211f0eef17705aaededacac3eb30e6625b04a6117c1b2db6ace7d5976", [:mix], []},
  "corman": {:git, "git://github.com/EchoTeam/corman.git", "1c1ae1c0aa97ed1976d9042ac9fb805b51214661", [branch: "master"]},
  "credo": {:hex, :credo, "0.7.4", "0c33bcce4d574ce6df163cbc7d1ecb22de65713184355bd3be81cc4ab0ecaafa", [:mix], [{:bunt, "~> 0.2.0", [hex: :bunt, optional: false]}]},
  "dht_ring": {:git, "git://github.com/EchoTeam/dht_ring.git", "d5b880ad76aefc81547dbb76b48a97a01d52ff41", [branch: "master"]},
  "dialyxir": {:hex, :dialyxir, "0.5.0", "5bc543f9c28ecd51b99cc1a685a3c2a1a93216990347f259406a910cf048d1d7", [:mix], []},
  "dynamic_compile": {:git, "https://github.com/JacobVorreuter/dynamic_compile.git", "d13d29c03d321e154adffb8eaa4b88b154a811fd", [tag: "d13d29c"]},
  "earmark": {:hex, :earmark, "1.2.0", "bf1ce17aea43ab62f6943b97bd6e3dc032ce45d4f787504e3adf738e54b42f3a", [:mix], []},
  "elasticachex": {:hex, :elasticachex, "1.0.0", "a1b31d6fcab4894b7f1f9dfcd2c22cbbf6ed3f8b8146cb7f0ffe627722a679de", [:mix], []},
  "ex_doc": {:hex, :ex_doc, "0.15.1", "d5f9d588fd802152516fccfdb96d6073753f77314fcfee892b15b6724ca0d596", [:mix], [{:earmark, "~> 1.1", [hex: :earmark, optional: false]}]},
  "ex_statsd": {:git, "https://github.com/PagerDuty/ex_statsd.git", "13a86aa538cce9fc54446d5881d204fcf6aadaa6", [branch: "keep-socket-open"]},
  "goldrush": {:git, "git://github.com/DeadZen/goldrush.git", "1d883423ac360b3536ca52dc733a0164bacf3109", [tag: "0.1.5"]},
  "lager": {:git, "git://github.com/basho/lager.git", "ad400896af5b1ad8b4f7a4d34e609b5a990640bb", [tag: "2.0.1"]},
  "libring": {:hex, :libring, "1.1.0", "88dd0829ab1f26169282678756dd92add7847a39980554f4b421c54a0a92515d", [:mix], []},
  "mcd": {:git, "https://github.com/EchoTeam/mcd.git", "b5b4a32ef2c9e2f6a4faa992536cb3da3548e0f8", [ref: "b5b4a32"]},
  "memcachex": {:hex, :memcachex, "0.4.1", "12fe48370a5725fff790e1cdc0aa9ce2c28f685ad534bfbad5ef2302ee5003b6", [:mix], [{:connection, "~> 1.0.3", [hex: :connection, optional: false]}, {:poison, "~> 1.5 or ~> 2.0", [hex: :poison, optional: true]}]},
  "mero": {:git, "https://github.com/AdRoll/mero.git", "5c5eca1ba6f80838ec61e62c198282f1b0dc7d09", [tag: "v1.0.7"]},
  "poolboy": {:hex, :poolboy, "1.5.1", "6b46163901cfd0a1b43d692657ed9d7e599853b3b21b95ae5ae0a777cf9b6ca8", [:rebar], []},
  "proc": {:git, "https://github.com/miriampena/proc.git", "300c0d8a7dd4f23e42d33d11affdb26c3bcfbd67", [tag: "v1.0.0"]}}
